
Microsoft Visual Studio Solution File, Format Version 12.00
# Visual Studio 14
VisualStudioVersion = 14.0.24720.0
MinimumVisualStudioVersion = 10.0.40219.1
Project("{E24C65DC-7377-472B-9ABA-BC803B73C61A}") = "WAD_WCF", "WAD_WCF\", "{8835BCE5-2AA9-4583-8D21-A885DCC5B9CE}"
	ProjectSection(WebsiteProperties) = preProject
		TargetFrameworkMoniker = ".NETFramework,Version%3Dv4.6.1"
		Debug.AspNetCompiler.VirtualPath = "/localhost_53054"
		Debug.AspNetCompiler.PhysicalPath = "WAD_WCF\"
		Debug.AspNetCompiler.TargetPath = "PrecompiledWeb\localhost_53054\"
		Debug.AspNetCompiler.Updateable = "true"
		Debug.AspNetCompiler.ForceOverwrite = "true"
		Debug.AspNetCompiler.FixedNames = "false"
		Debug.AspNetCompiler.Debug = "True"
		Release.AspNetCompiler.VirtualPath = "/localhost_53054"
		Release.AspNetCompiler.PhysicalPath = "WAD_WCF\"
		Release.AspNetCompiler.TargetPath = "PrecompiledWeb\localhost_53054\"
		Release.AspNetCompiler.Updateable = "true"
		Release.AspNetCompiler.ForceOverwrite = "true"
		Release.AspNetCompiler.FixedNames = "false"
		Release.AspNetCompiler.Debug = "False"
		VWDPort = "53054"
		SlnRelativePath = "WAD_WCF\"
		DefaultWebSiteLanguage = "Visual C#"
	EndProjectSection
EndProject
Project("{FAE04EC0-301F-11D3-BF4B-00C04F79EFBC}") = "WAD_MVC", "WAD_MVC\WAD_MVC.csproj", "{1AF65695-F0EB-4641-AC96-955DE18FA368}"
EndProject
Global
	GlobalSection(SolutionConfigurationPlatforms) = preSolution
		Debug|Any CPU = Debug|Any CPU
		Release|Any CPU = Release|Any CPU
	EndGlobalSection
	GlobalSection(ProjectConfigurationPlatforms) = postSolution
		{8835BCE5-2AA9-4583-8D21-A885DCC5B9CE}.Debug|Any CPU.ActiveCfg = Debug|Any CPU
		{8835BCE5-2AA9-4583-8D21-A885DCC5B9CE}.Debug|Any CPU.Build.0 = Debug|Any CPU
		{8835BCE5-2AA9-4583-8D21-A885DCC5B9CE}.Release|Any CPU.ActiveCfg = Debug|Any CPU
		{8835BCE5-2AA9-4583-8D21-A885DCC5B9CE}.Release|Any CPU.Build.0 = Debug|Any CPU
		{1AF65695-F0EB-4641-AC96-955DE18FA368}.Debug|Any CPU.ActiveCfg = Debug|Any CPU
		{1AF65695-F0EB-4641-AC96-955DE18FA368}.Debug|Any CPU.Build.0 = Debug|Any CPU
		{1AF65695-F0EB-4641-AC96-955DE18FA368}.Release|Any CPU.ActiveCfg = Release|Any CPU
		{1AF65695-F0EB-4641-AC96-955DE18FA368}.Release|Any CPU.Build.0 = Release|Any CPU
	EndGlobalSection
	GlobalSection(SolutionProperties) = preSolution
		HideSolutionNode = FALSE
	EndGlobalSection
EndGlobal
